
Microsoft Visual Studio Solution File, Format Version 12.00
# Visual Studio Version 16
VisualStudioVersion = 16.0.32002.261
MinimumVisualStudioVersion = 10.0.40219.1
Project("{FAE04EC0-301F-11D3-BF4B-00C04F79EFBC}") = "InstaClone.Android", "InstaClone\InstaClone.Android\InstaClone.Android.csproj", "{DE35667B-D94C-42E0-9B00-3BF3CDE18E8B}"
EndProject
Project("{FAE04EC0-301F-11D3-BF4B-00C04F79EFBC}") = "InstaClone", "InstaClone\InstaClone\InstaClone.csproj", "{81824531-BC81-423C-B4C4-8F3DF2B196E9}"
EndProject
Global
	GlobalSection(SolutionConfigurationPlatforms) = preSolution
		Debug|Any CPU = Debug|Any CPU
		Release|Any CPU = Release|Any CPU
	EndGlobalSection
	GlobalSection(ProjectConfigurationPlatforms) = postSolution
		{DE35667B-D94C-42E0-9B00-3BF3CDE18E8B}.Debug|Any CPU.ActiveCfg = Debug|Any CPU
		{DE35667B-D94C-42E0-9B00-3BF3CDE18E8B}.Debug|Any CPU.Build.0 = Debug|Any CPU
		{DE35667B-D94C-42E0-9B00-3BF3CDE18E8B}.Debug|Any CPU.Deploy.0 = Debug|Any CPU
		{DE35667B-D94C-42E0-9B00-3BF3CDE18E8B}.Release|Any CPU.ActiveCfg = Release|Any CPU
		{DE35667B-D94C-42E0-9B00-3BF3CDE18E8B}.Release|Any CPU.Build.0 = Release|Any CPU
		{DE35667B-D94C-42E0-9B00-3BF3CDE18E8B}.Release|Any CPU.Deploy.0 = Release|Any CPU
		{81824531-BC81-423C-B4C4-8F3DF2B196E9}.Debug|Any CPU.ActiveCfg = Debug|Any CPU
		{81824531-BC81-423C-B4C4-8F3DF2B196E9}.Debug|Any CPU.Build.0 = Debug|Any CPU
		{81824531-BC81-423C-B4C4-8F3DF2B196E9}.Debug|Any CPU.Deploy.0 = Debug|Any CPU
		{81824531-BC81-423C-B4C4-8F3DF2B196E9}.Release|Any CPU.ActiveCfg = Release|Any CPU
		{81824531-BC81-423C-B4C4-8F3DF2B196E9}.Release|Any CPU.Build.0 = Release|Any CPU
		{81824531-BC81-423C-B4C4-8F3DF2B196E9}.Release|Any CPU.Deploy.0 = Release|Any CPU
	EndGlobalSection
	GlobalSection(SolutionProperties) = preSolution
		HideSolutionNode = FALSE
	EndGlobalSection
	GlobalSection(ExtensibilityGlobals) = postSolution
		SolutionGuid = {CBCFF6CD-6109-419D-B376-6B7C6A1A0E59}
	EndGlobalSection
EndGlobal
